{
  "name": "rolldown-toesm-bug-repro",
  "version": "1.0.0",
  "lockfileVersion": 3,
  "requires": true,
  "packages": {
    "": {
      "name": "rolldown-toesm-bug-repro",
      "version": "1.0.0",
      "license": "MIT",
      "devDependencies": {
        "cjs-module-lexer": "^1.4.3"
      }
    },
    "node_modules/cjs-module-lexer": {
      "version": "1.4.3",
      "resolved": "https://registry.npmmirror.com/cjs-module-lexer/-/cjs-module-lexer-1.4.3.tgz",
      "integrity": "sha512-9z8TZaGM1pfswYeXrUpzPrkx8UnWYdhJclsiYMm6x/w5+nN+8Tf/LnAgfLGQCm59qAOxU8WwHEq2vNwF6i4j+Q==",
      "dev": true,
      "license": "MIT"
    }
  }
}
